// !$*UTF8*$!
{
	archiveVersion = 1;
	classes = {
	};
	objectVersion = 56;
	objects = {

/* Begin PBXBuildFile section */
		CA8C8FA329B2E37800B3BB56 /* AppDelegate.swift in Sources */ = {isa = PBXBuildFile; fileRef = CA8C8FA229B2E37800B3BB56 /* AppDelegate.swift */; };
		CA8C8FA529B2E37800B3BB56 /* SceneDelegate.swift in Sources */ = {isa = PBXBuildFile; fileRef = CA8C8FA429B2E37800B3BB56 /* SceneDelegate.swift */; };
		CA8C8FA729B2E37800B3BB56 /* ViewController.swift in Sources */ = {isa = PBXBuildFile; fileRef = CA8C8FA629B2E37800B3BB56 /* ViewController.swift */; };
		CA8C8FAA29B2E37800B3BB56 /* Main.storyboard in Resources */ = {isa = PBXBuildFile; fileRef = CA8C8FA829B2E37800B3BB56 /* Main.storyboard */; };
		CA8C8FAC29B2E37900B3BB56 /* Assets.xcassets in Resources */ = {isa = PBXBuildFile; fileRef = CA8C8FAB29B2E37900B3BB56 /* Assets.xcassets */; };
		CA8C8FAF29B2E37900B3BB56 /* LaunchScreen.storyboard in Resources */ = {isa = PBXBuildFile; fileRef = CA8C8FAD29B2E37900B3BB56 /* LaunchScreen.storyboard */; };
		CA8C8FBD29B2F03A00B3BB56 /* WelcomeViewController.swift in Sources */ = {isa = PBXBuildFile; fileRef = CA8C8FBC29B2F03A00B3BB56 /* WelcomeViewController.swift */; };
/* End PBXBuildFile section */

/* Begin PBXFileReference section */
		CA8C8F9F29B2E37800B3BB56 /* LoginApp.app */ = {isa = PBXFileReference; explicitFileType = wrapper.application; includeInIndex = 0; path = LoginApp.app; sourceTree = BUILT_PRODUCTS_DIR; };
		CA8C8FA229B2E37800B3BB56 /* AppDelegate.swift */ = {isa = PBXFileReference; lastKnownFileType = sourcecode.swift; path = AppDelegate.swift; sourceTree = "<group>"; };
		CA8C8FA429B2E37800B3BB56 /* SceneDelegate.swift */ = {isa = PBXFileReference; lastKnownFileType = sourcecode.swift; path = SceneDelegate.swift; sourceTree = "<group>"; };
		CA8C8FA629B2E37800B3BB56 /* ViewController.swift */ = {isa = PBXFileReference; lastKnownFileType = sourcecode.swift; path = ViewController.swift; sourceTree = "<group>"; };
		CA8C8FA929B2E37800B3BB56 /* Base */ = {isa = PBXFileReference; lastKnownFileType = file.storyboard; name = Base; path = Base.lproj/Main.storyboard; sourceTree = "<group>"; };
		CA8C8FAB29B2E37900B3BB56 /* Assets.xcassets */ = {isa = PBXFileReference; lastKnownFileType = folder.assetcatalog; path = Assets.xcassets; sourceTree = "<group>"; };
		CA8C8FAE29B2E37900B3BB56 /* Base */ = {isa = PBXFileReference; lastKnownFileType = file.storyboard; name = Base; path = Base.lproj/LaunchScreen.storyboard; sourceTree = "<group>"; };
		CA8C8FB029B2E37900B3BB56 /* Info.plist */ = {isa = PBXFileReference; lastKnownFileType = text.plist.xml; path = Info.plist; sourceTree = "<group>"; };
		CA8C8FBC29B2F03A00B3BB56 /* WelcomeViewController.swift */ = {isa = PBXFileReference; lastKnownFileType = sourcecode.swift; path = WelcomeViewController.swift; sourceTree = "<group>"; };
/* End PBXFileReference section */

/* Begin PBXFrameworksBuildPhase section */
		CA8C8F9C29B2E37800B3BB56 /* Frameworks */ = {
			isa = PBXFrameworksBuildPhase;
			buildActionMask = 2147483647;
			files = (
			);
			runOnlyForDeploymentPostprocessing = 0;
		};
/* End PBXFrameworksBuildPhase section */

/* Begin PBXGroup section */
		CA8C8F9629B2E37800B3BB56 = {
			isa = PBXGroup;
			children = (
				CA8C8FA129B2E37800B3BB56 /* LoginApp */,
				CA8C8FA029B2E37800B3BB56 /* Products */,
			);
			sourceTree = "<group>";
		};
		CA8C8FA029B2E37800B3BB56 /* Products */ = {
			isa = PBXGroup;
			children = (
				CA8C8F9F29B2E37800B3BB56 /* LoginApp.app */,
			);
			name = Products;
			sourceTree = "<group>";
		};
		CA8C8FA129B2E37800B3BB56 /* LoginApp */ = {
			isa = PBXGroup;
			children = (
				CA8C8FB929B2ECFE00B3BB56 /* View Controllers */,
				CA8C8FB829B2ECE600B3BB56 /* Storyboards */,
				CA8C8FB729B2ECA700B3BB56 /* Recources */,
				CA8C8FB629B2EC5B00B3BB56 /* Support files */,
			);
			path = LoginApp;
			sourceTree = "<group>";
		};
		CA8C8FB629B2EC5B00B3BB56 /* Support files */ = {
			isa = PBXGroup;
			children = (
				CA8C8FA229B2E37800B3BB56 /* AppDelegate.swift */,
				CA8C8FA429B2E37800B3BB56 /* SceneDelegate.swift */,
				CA8C8FB029B2E37900B3BB56 /* Info.plist */,
			);
			path = "Support files";
			sourceTree = "<group>";
		};
		CA8C8FB729B2ECA700B3BB56 /* Recources */ = {
			isa = PBXGroup;
			children = (
				CA8C8FAB29B2E37900B3BB56 /* Assets.xcassets */,
			);
			path = Recources;
			sourceTree = "<group>";
		};
		CA8C8FB829B2ECE600B3BB56 /* Storyboards */ = {
			isa = PBXGroup;
			children = (
				CA8C8FA829B2E37800B3BB56 /* Main.storyboard */,
				CA8C8FAD29B2E37900B3BB56 /* LaunchScreen.storyboard */,
			);
			path = Storyboards;
			sourceTree = "<group>";
		};
		CA8C8FB929B2ECFE00B3BB56 /* View Controllers */ = {
			isa = PBXGroup;
			children = (
				CA8C8FA629B2E37800B3BB56 /* ViewController.swift */,
				CA8C8FBC29B2F03A00B3BB56 /* WelcomeViewController.swift */,
			);
			path = "View Controllers";
			sourceTree = "<group>";
		};
/* End PBXGroup section */

/* Begin PBXNativeTarget section */
		CA8C8F9E29B2E37800B3BB56 /* LoginApp */ = {
			isa = PBXNativeTarget;
			buildConfigurationList = CA8C8FB329B2E37900B3BB56 /* Build configuration list for PBXNativeTarget "LoginApp" */;
			buildPhases = (
				CA8C8F9B29B2E37800B3BB56 /* Sources */,
				CA8C8F9C29B2E37800B3BB56 /* Frameworks */,
				CA8C8F9D29B2E37800B3BB56 /* Resources */,
			);
			buildRules = (
			);
			dependencies = (
			);
			name = LoginApp;
			productName = LoginApp;
			productReference = CA8C8F9F29B2E37800B3BB56 /* LoginApp.app */;
			productType = "com.apple.product-type.application";
		};
/* End PBXNativeTarget section */

/* Begin PBXProject section */
		CA8C8F9729B2E37800B3BB56 /* Project object */ = {
			isa = PBXProject;
			attributes = {
				BuildIndependentTargetsInParallel = 1;
				LastSwiftUpdateCheck = 1420;
				LastUpgradeCheck = 1420;
				TargetAttributes = {
					CA8C8F9E29B2E37800B3BB56 = {
						CreatedOnToolsVersion = 14.2;
					};
				};
			};
			buildConfigurationList = CA8C8F9A29B2E37800B3BB56 /* Build configuration list for PBXProject "LoginApp" */;
			compatibilityVersion = "Xcode 14.0";
			developmentRegion = en;
			hasScannedForEncodings = 0;
			knownRegions = (
				en,
				Base,
			);
			mainGroup = CA8C8F9629B2E37800B3BB56;
			productRefGroup = CA8C8FA029B2E37800B3BB56 /* Products */;
			projectDirPath = "";
			projectRoot = "";
			targets = (
				CA8C8F9E29B2E37800B3BB56 /* LoginApp */,
			);
		};
/* End PBXProject section */

/* Begin PBXResourcesBuildPhase section */
		CA8C8F9D29B2E37800B3BB56 /* Resources */ = {
			isa = PBXResourcesBuildPhase;
			buildActionMask = 2147483647;
			files = (
				CA8C8FAF29B2E37900B3BB56 /* LaunchScreen.storyboard in Resources */,
				CA8C8FAC29B2E37900B3BB56 /* Assets.xcassets in Resources */,
				CA8C8FAA29B2E37800B3BB56 /* Main.storyboard in Resources */,
			);
			runOnlyForDeploymentPostprocessing = 0;
		};
/* End PBXResourcesBuildPhase section */

/* Begin PBXSourcesBuildPhase section */
		CA8C8F9B29B2E37800B3BB56 /* Sources */ = {
			isa = PBXSourcesBuildPhase;
			buildActionMask = 2147483647;
			files = (
				CA8C8FA729B2E37800B3BB56 /* ViewController.swift in Sources */,
				CA8C8FBD29B2F03A00B3BB56 /* WelcomeViewController.swift in Sources */,
				CA8C8FA329B2E37800B3BB56 /* AppDelegate.swift in Sources */,
				CA8C8FA529B2E37800B3BB56 /* SceneDelegate.swift in Sources */,
			);
			runOnlyForDeploymentPostprocessing = 0;
		};
/* End PBXSourcesBuildPhase section */

/* Begin PBXVariantGroup section */
		CA8C8FA829B2E37800B3BB56 /* Main.storyboard */ = {
			isa = PBXVariantGroup;
			children = (
				CA8C8FA929B2E37800B3BB56 /* Base */,
			);
			name = Main.storyboard;
			sourceTree = "<group>";
		};
		CA8C8FAD29B2E37900B3BB56 /* LaunchScreen.storyboard */ = {
			isa = PBXVariantGroup;
			children = (
				CA8C8FAE29B2E37900B3BB56 /* Base */,
			);
			name = LaunchScreen.storyboard;
			sourceTree = "<group>";
		};
/* End PBXVariantGroup section */

/* Begin XCBuildConfiguration section */
		CA8C8FB129B2E37900B3BB56 /* Debug */ = {
			isa = XCBuildConfiguration;
			buildSettings = {
				ALWAYS_SEARCH_USER_PATHS = NO;
				CLANG_ANALYZER_NONNULL = YES;
				CLANG_ANALYZER_NUMBER_OBJECT_CONVERSION = YES_AGGRESSIVE;
				CLANG_CXX_LANGUAGE_STANDARD = "gnu++20";
				CLANG_ENABLE_MODULES = YES;
				CLANG_ENABLE_OBJC_ARC = YES;
				CLANG_ENABLE_OBJC_WEAK = YES;
				CLANG_WARN_BLOCK_CAPTURE_AUTORELEASING = YES;
				CLANG_WARN_BOOL_CONVERSION = YES;
				CLANG_WARN_COMMA = YES;
				CLANG_WARN_CONSTANT_CONVERSION = YES;
				CLANG_WARN_DEPRECATED_OBJC_IMPLEMENTATIONS = YES;
				CLANG_WARN_DIRECT_OBJC_ISA_USAGE = YES_ERROR;
				CLANG_WARN_DOCUMENTATION_COMMENTS = YES;
				CLANG_WARN_EMPTY_BODY = YES;
				CLANG_WARN_ENUM_CONVERSION = YES;
				CLANG_WARN_INFINITE_RECURSION = YES;
				CLANG_WARN_INT_CONVERSION = YES;
				CLANG_WARN_NON_LITERAL_NULL_CONVERSION = YES;
				CLANG_WARN_OBJC_IMPLICIT_RETAIN_SELF = YES;
				CLANG_WARN_OBJC_LITERAL_CONVERSION = YES;
				CLANG_WARN_OBJC_ROOT_CLASS = YES_ERROR;
				CLANG_WARN_QUOTED_INCLUDE_IN_FRAMEWORK_HEADER = YES;
				CLANG_WARN_RANGE_LOOP_ANALYSIS = YES;
				CLANG_WARN_STRICT_PROTOTYPES = YES;
				CLANG_WARN_SUSPICIOUS_MOVE = YES;
				CLANG_WARN_UNGUARDED_AVAILABILITY = YES_AGGRESSIVE;
				CLANG_WARN_UNREACHABLE_CODE = YES;
				CLANG_WARN__DUPLICATE_METHOD_MATCH = YES;
				COPY_PHASE_STRIP = NO;
				DEBUG_INFORMATION_FORMAT = dwarf;
				ENABLE_STRICT_OBJC_MSGSEND = YES;
				ENABLE_TESTABILITY = YES;
				GCC_C_LANGUAGE_STANDARD = gnu11;
				GCC_DYNAMIC_NO_PIC = NO;
				GCC_NO_COMMON_BLOCKS = YES;
				GCC_OPTIMIZATION_LEVEL = 0;
				GCC_PREPROCESSOR_DEFINITIONS = (
					"DEBUG=1",
					"$(inherited)",
				);
				GCC_WARN_64_TO_32_BIT_CONVERSION = YES;
				GCC_WARN_ABOUT_RETURN_TYPE = YES_ERROR;
				GCC_WARN_UNDECLARED_SELECTOR = YES;
				GCC_WARN_UNINITIALIZED_AUTOS = YES_AGGRESSIVE;
				GCC_WARN_UNUSED_FUNCTION = YES;
				GCC_WARN_UNUSED_VARIABLE = YES;
				IPHONEOS_DEPLOYMENT_TARGET = 16.2;
				MTL_ENABLE_DEBUG_INFO = INCLUDE_SOURCE;
				MTL_FAST_MATH = YES;
				ONLY_ACTIVE_ARCH = YES;
				SDKROOT = iphoneos;
				SWIFT_ACTIVE_COMPILATION_CONDITIONS = DEBUG;
				SWIFT_OPTIMIZATION_LEVEL = "-Onone";
			};
			name = Debug;
		};
		CA8C8FB229B2E37900B3BB56 /* Release */ = {
			isa = XCBuildConfiguration;
			buildSettings = {
				ALWAYS_SEARCH_USER_PATHS = NO;
				CLANG_ANALYZER_NONNULL = YES;
				CLANG_ANALYZER_NUMBER_OBJECT_CONVERSION = YES_AGGRESSIVE;
				CLANG_CXX_LANGUAGE_STANDARD = "gnu++20";
				CLANG_ENABLE_MODULES = YES;
				CLANG_ENABLE_OBJC_ARC = YES;
				CLANG_ENABLE_OBJC_WEAK = YES;
				CLANG_WARN_BLOCK_CAPTURE_AUTORELEASING = YES;
				CLANG_WARN_BOOL_CONVERSION = YES;
				CLANG_WARN_COMMA = YES;
				CLANG_WARN_CONSTANT_CONVERSION = YES;
				CLANG_WARN_DEPRECATED_OBJC_IMPLEMENTATIONS = YES;
				CLANG_WARN_DIRECT_OBJC_ISA_USAGE = YES_ERROR;
				CLANG_WARN_DOCUMENTATION_COMMENTS = YES;
				CLANG_WARN_EMPTY_BODY = YES;
				CLANG_WARN_ENUM_CONVERSION = YES;
				CLANG_WARN_INFINITE_RECURSION = YES;
				CLANG_WARN_INT_CONVERSION = YES;
				CLANG_WARN_NON_LITERAL_NULL_CONVERSION = YES;
				CLANG_WARN_OBJC_IMPLICIT_RETAIN_SELF = YES;
				CLANG_WARN_OBJC_LITERAL_CONVERSION = YES;
				CLANG_WARN_OBJC_ROOT_CLASS = YES_ERROR;
				CLANG_WARN_QUOTED_INCLUDE_IN_FRAMEWORK_HEADER = YES;
				CLANG_WARN_RANGE_LOOP_ANALYSIS = YES;
				CLANG_WARN_STRICT_PROTOTYPES = YES;
				CLANG_WARN_SUSPICIOUS_MOVE = YES;
				CLANG_WARN_UNGUARDED_AVAILABILITY = YES_AGGRESSIVE;
				CLANG_WARN_UNREACHABLE_CODE = YES;
				CLANG_WARN__DUPLICATE_METHOD_MATCH = YES;
				COPY_PHASE_STRIP = NO;
				DEBUG_INFORMATION_FORMAT = "dwarf-with-dsym";
				ENABLE_NS_ASSERTIONS = NO;
				ENABLE_STRICT_OBJC_MSGSEND = YES;
				GCC_C_LANGUAGE_STANDARD = gnu11;
				GCC_NO_COMMON_BLOCKS = YES;
				GCC_WARN_64_TO_32_BIT_CONVERSION = YES;
				GCC_WARN_ABOUT_RETURN_TYPE = YES_ERROR;
				GCC_WARN_UNDECLARED_SELECTOR = YES;
				GCC_WARN_UNINITIALIZED_AUTOS = YES_AGGRESSIVE;
				GCC_WARN_UNUSED_FUNCTION = YES;
				GCC_WARN_UNUSED_VARIABLE = YES;
				IPHONEOS_DEPLOYMENT_TARGET = 16.2;
				MTL_ENABLE_DEBUG_INFO = NO;
				MTL_FAST_MATH = YES;
				SDKROOT = iphoneos;
				SWIFT_COMPILATION_MODE = wholemodule;
				SWIFT_OPTIMIZATION_LEVEL = "-O";
				VALIDATE_PRODUCT = YES;
			};
			name = Release;
		};
		CA8C8FB429B2E37900B3BB56 /* Debug */ = {
			isa = XCBuildConfiguration;
			buildSettings = {
				ASSETCATALOG_COMPILER_APPICON_NAME = AppIcon;
				ASSETCATALOG_COMPILER_GLOBAL_ACCENT_COLOR_NAME = AccentColor;
				CODE_SIGN_STYLE = Automatic;
				CURRENT_PROJECT_VERSION = 1;
				DEVELOPMENT_TEAM = ZW9W8KTK4N;
				GENERATE_INFOPLIST_FILE = YES;
				INFOPLIST_FILE = "LoginApp/Support files/Info.plist";
				INFOPLIST_KEY_UIApplicationSupportsIndirectInputEvents = YES;
				INFOPLIST_KEY_UILaunchStoryboardName = LaunchScreen;
				INFOPLIST_KEY_UIMainStoryboardFile = Main;
				IPHONEOS_DEPLOYMENT_TARGET = 14.0;
				LD_RUNPATH_SEARCH_PATHS = (
					"$(inherited)",
					"@executable_path/Frameworks",
				);
				MARKETING_VERSION = 1.0;
				PRODUCT_BUNDLE_IDENTIFIER = com.teslocorp.LoginApp;
				PRODUCT_NAME = "$(TARGET_NAME)";
				SWIFT_EMIT_LOC_STRINGS = YES;
				SWIFT_VERSION = 5.0;
				TARGETED_DEVICE_FAMILY = "1,2";
			};
			name = Debug;
		};
		CA8C8FB529B2E37900B3BB56 /* Release */ = {
			isa = XCBuildConfiguration;
			buildSettings = {
				ASSETCATALOG_COMPILER_APPICON_NAME = AppIcon;
				ASSETCATALOG_COMPILER_GLOBAL_ACCENT_COLOR_NAME = AccentColor;
				CODE_SIGN_STYLE = Automatic;
				CURRENT_PROJECT_VERSION = 1;
				DEVELOPMENT_TEAM = ZW9W8KTK4N;
				GENERATE_INFOPLIST_FILE = YES;
				INFOPLIST_FILE = "LoginApp/Support files/Info.plist";
				INFOPLIST_KEY_UIApplicationSupportsIndirectInputEvents = YES;
				INFOPLIST_KEY_UILaunchStoryboardName = LaunchScreen;
				INFOPLIST_KEY_UIMainStoryboardFile = Main;
				IPHONEOS_DEPLOYMENT_TARGET = 14.0;
				LD_RUNPATH_SEARCH_PATHS = (
					"$(inherited)",
					"@executable_path/Frameworks",
				);
				MARKETING_VERSION = 1.0;
				PRODUCT_BUNDLE_IDENTIFIER = com.teslocorp.LoginApp;
				PRODUCT_NAME = "$(TARGET_NAME)";
				SWIFT_EMIT_LOC_STRINGS = YES;
				SWIFT_VERSION = 5.0;
				TARGETED_DEVICE_FAMILY = "1,2";
			};
			name = Release;
		};
/* End XCBuildConfiguration section */

/* Begin XCConfigurationList section */
		CA8C8F9A29B2E37800B3BB56 /* Build configuration list for PBXProject "LoginApp" */ = {
			isa = XCConfigurationList;
			buildConfigurations = (
				CA8C8FB129B2E37900B3BB56 /* Debug */,
				CA8C8FB229B2E37900B3BB56 /* Release */,
			);
			defaultConfigurationIsVisible = 0;
			defaultConfigurationName = Release;
		};
		CA8C8FB329B2E37900B3BB56 /* Build configuration list for PBXNativeTarget "LoginApp" */ = {
			isa = XCConfigurationList;
			buildConfigurations = (
				CA8C8FB429B2E37900B3BB56 /* Debug */,
				CA8C8FB529B2E37900B3BB56 /* Release */,
			);
			defaultConfigurationIsVisible = 0;
			defaultConfigurationName = Release;
		};
/* End XCConfigurationList section */
	};
	rootObject = CA8C8F9729B2E37800B3BB56 /* Project object */;
}
